
Microsoft Visual Studio Solution File, Format Version 12.00
# Visual Studio Version 17
VisualStudioVersion = 17.5.33502.453
MinimumVisualStudioVersion = 10.0.40219.1
Project("{2150E333-8FDC-42A3-9474-1A3956D46DE8}") = "MVVM", "MVVM", "{67220745-3415-4FF0-9FC1-BDCF186E65D7}"
EndProject
Project("{9A19103F-16F7-4668-BE54-9A1E7A4F7556}") = "BlazorMVVM", "BlazorMVVM\BlazorMVVM.csproj", "{12D153FD-BEC8-42EA-99F4-B5159E48C0C6}"
EndProject
Project("{9A19103F-16F7-4668-BE54-9A1E7A4F7556}") = "BlazorTraining", "BlazorTraining\BlazorTraining.csproj", "{58BDB1D7-862D-4688-8471-DAA1E161A0B5}"
EndProject
Project("{9A19103F-16F7-4668-BE54-9A1E7A4F7556}") = "BlazorTrainingApi", "BlazorTrainingApi\BlazorTrainingApi.csproj", "{1AC8FD9A-D52E-402E-AC66-F93DBECB2B98}"
EndProject
Project("{2150E333-8FDC-42A3-9474-1A3956D46DE8}") = "Back", "Back", "{B071094A-34F0-4C76-829C-84D80EB6EC34}"
EndProject
Project("{2150E333-8FDC-42A3-9474-1A3956D46DE8}") = "Front", "Front", "{24B46B0D-EAAA-48F3-8C1F-79690CF67DEB}"
EndProject
Project("{2150E333-8FDC-42A3-9474-1A3956D46DE8}") = "GridView Original", "GridView Original", "{99EDA275-1ECB-481C-96C9-A043F00B7532}"
EndProject
Project("{2150E333-8FDC-42A3-9474-1A3956D46DE8}") = "SAB00600 - GridView Original", "SAB00600 - GridView Original", "{1CF5B1A9-3090-4554-8ED7-60C669F7B702}"
EndProject
Project("{9A19103F-16F7-4668-BE54-9A1E7A4F7556}") = "SAB00600Back", "Back\Back\SAB00600Back\SAB00600Back.csproj", "{BE2CFD13-D072-49CE-84B1-C3404AD28DBE}"
EndProject
Project("{9A19103F-16F7-4668-BE54-9A1E7A4F7556}") = "SAB00600Common", "Back\Common\SAB00600Common\SAB00600Common.csproj", "{BB70A458-D7FB-473D-9665-53613DABC4B0}"
EndProject
Project("{9A19103F-16F7-4668-BE54-9A1E7A4F7556}") = "SAB00600Controller", "Back\Controller\SAB00600Controller\SAB00600Controller.csproj", "{7D9F651F-EF12-48B5-B8D6-4028380F4AFC}"
EndProject
Project("{2150E333-8FDC-42A3-9474-1A3956D46DE8}") = "SAB00700 - GridView Navigator", "SAB00700 - GridView Navigator", "{9FB300C8-EC19-4A02-A17A-46289A249110}"
EndProject
Project("{9A19103F-16F7-4668-BE54-9A1E7A4F7556}") = "SAB00700Common", "Back\Common\SAB00700Common\SAB00700Common.csproj", "{304A0342-587F-4A5F-85DB-080A72C9B07A}"
EndProject
Project("{9A19103F-16F7-4668-BE54-9A1E7A4F7556}") = "SAB00700Back", "Back\Back\SAB00700Back\SAB00700Back.csproj", "{025C559C-7C29-4862-B60E-D30F0B4030F4}"
EndProject
Project("{9A19103F-16F7-4668-BE54-9A1E7A4F7556}") = "SAB00700Controller", "Back\Controller\SAB00700Controller\SAB00700Controller.csproj", "{5CC9E448-AE76-4180-A5BC-1E01EE14AAF8}"
EndProject
Project("{2150E333-8FDC-42A3-9474-1A3956D46DE8}") = "SAB00900 - Find With Conductor", "SAB00900 - Find With Conductor", "{0250723D-5F90-4BF1-90DD-17D24CD63511}"
EndProject
Project("{9A19103F-16F7-4668-BE54-9A1E7A4F7556}") = "SAB00900Common", "Back\Common\SAB00900Common\SAB00900Common.csproj", "{516A80F6-5F30-463A-BFB3-C95BBFA4C23E}"
EndProject
Project("{9A19103F-16F7-4668-BE54-9A1E7A4F7556}") = "SAB00900Back", "Back\Back\SAB00900Back\SAB00900Back.csproj", "{46E0DC55-D499-42E0-8CB0-79EE8FC32C67}"
EndProject
Project("{9A19103F-16F7-4668-BE54-9A1E7A4F7556}") = "SAB00900Controller", "Back\Controller\SAB00900Controller\SAB00900Controller.csproj", "{F7C03946-5815-4D2D-8F23-D3ABA452E3B9}"
EndProject
Project("{2150E333-8FDC-42A3-9474-1A3956D46DE8}") = "SAB01300 - Original and Navigator", "SAB01300 - Original and Navigator", "{0D753659-73BF-4A5C-B503-3CAA4E989C12}"
EndProject
Project("{9A19103F-16F7-4668-BE54-9A1E7A4F7556}") = "SAB01300Common", "Back\Common\SAB01300Common\SAB01300Common.csproj", "{6EFCBBB2-F726-4094-91A3-38AF31302723}"
EndProject
Project("{9A19103F-16F7-4668-BE54-9A1E7A4F7556}") = "SAB01300Back", "Back\Back\SAB01300Back\SAB01300Back.csproj", "{4B8DC2AD-8612-497C-B366-EFDB6DD4DD1A}"
EndProject
Project("{9A19103F-16F7-4668-BE54-9A1E7A4F7556}") = "SAB01300Controller", "Back\Controller\SAB01300Controller\SAB01300Controller.csproj", "{4E4EE381-D3B6-48B9-BBBA-A1C1624C6119}"
EndProject
Project("{9A19103F-16F7-4668-BE54-9A1E7A4F7556}") = "SAB00600Model", "Front\ViewModel\SAB00600Model\SAB00600Model.csproj", "{AE700D16-5F83-430C-900D-F7F5D0A58FD0}"
EndProject
Project("{9A19103F-16F7-4668-BE54-9A1E7A4F7556}") = "SAB00600Front", "Front\Front\SAB00600Front\SAB00600Front.csproj", "{59A95F0A-8736-4D06-8FB7-CC2F9D8261CF}"
EndProject
Project("{2150E333-8FDC-42A3-9474-1A3956D46DE8}") = "Find With Conductor", "Find With Conductor", "{68C38D09-26AC-44AF-8A5F-23D1B26147D2}"
EndProject
Project("{9A19103F-16F7-4668-BE54-9A1E7A4F7556}") = "SAB00900Model", "Front\ViewModel\SAB00900Model\SAB00900Model.csproj", "{5143FFE8-5C39-4DBD-8D3F-E7F7E00503E5}"
EndProject
Project("{9A19103F-16F7-4668-BE54-9A1E7A4F7556}") = "SAB00900Front", "Front\Front\SAB00900Front\SAB00900Front.csproj", "{C91EBFE4-65F2-4BA1-9B17-96C4C7D314E5}"
EndProject
Project("{2150E333-8FDC-42A3-9474-1A3956D46DE8}") = "GridView Navigator", "GridView Navigator", "{74BB1F7B-4151-4716-B437-F1C41D54B92D}"
EndProject
Project("{9A19103F-16F7-4668-BE54-9A1E7A4F7556}") = "SAB00700Model", "Front\ViewModel\SAB00700Model\SAB00700Model.csproj", "{FD118AF1-E496-4497-B520-A3A74A4356EC}"
EndProject
Project("{9A19103F-16F7-4668-BE54-9A1E7A4F7556}") = "SAB00700Front", "Front\Front\SAB00700Front\SAB00700Front.csproj", "{4C37FAF9-0E8B-40CB-966B-91E683EC5D4D}"
EndProject
Project("{2150E333-8FDC-42A3-9474-1A3956D46DE8}") = "SAB01300 - Original and Navigator", "SAB01300 - Original and Navigator", "{CE958486-1FF1-42FB-BFFF-F9C0B816A413}"
EndProject
Project("{9A19103F-16F7-4668-BE54-9A1E7A4F7556}") = "SAB01300Model", "Front\ViewModel\SAB01300Model\SAB01300Model.csproj", "{14BF0195-EA5B-4A9A-B18A-7CB72BF56C23}"
EndProject
Project("{9A19103F-16F7-4668-BE54-9A1E7A4F7556}") = "SAB01300Front", "Front\Front\SAB01300Front\SAB01300Front.csproj", "{B775BEE8-298E-4766-8BC8-9A67A730B51C}"
EndProject
Project("{2150E333-8FDC-42A3-9474-1A3956D46DE8}") = "Helper", "Helper", "{E3A282D6-AC58-486C-BFF8-2CB078BDE191}"
EndProject
Project("{9A19103F-16F7-4668-BE54-9A1E7A4F7556}") = "BlazorClientHelper", "BlazorClientHelper\BlazorClientHelper.csproj", "{C3E3A740-7DF0-49E5-A001-3B7A5B7CF89F}"
EndProject
Project("{2150E333-8FDC-42A3-9474-1A3956D46DE8}") = "Menu", "Menu", "{24CF6434-66CD-4015-AF7B-4DEA982BE12A}"
EndProject
Project("{9A19103F-16F7-4668-BE54-9A1E7A4F7556}") = "BlazorTrainingCommon", "BlazorTrainingCommon\BlazorTrainingCommon.csproj", "{6577BB0D-31FD-42C6-8318-32CCC138145F}"
EndProject
Project("{9A19103F-16F7-4668-BE54-9A1E7A4F7556}") = "SAB00900FrontResources", "Front\Resources\SAB00900FrontResources\SAB00900FrontResources.csproj", "{CB581EB3-1840-41B4-92CD-755746EDA384}"
EndProject
Project("{2150E333-8FDC-42A3-9474-1A3956D46DE8}") = "SAB00100", "SAB00100", "{86EF9E2E-31B5-4D98-91DC-84A80FCF300B}"
EndProject
Project("{9A19103F-16F7-4668-BE54-9A1E7A4F7556}") = "SAB00100Controller", "Back\Controller\SAB00100Controller\SAB00100Controller.csproj", "{2D23AE2E-1942-4A34-96B1-8E1E7F69C0D0}"
EndProject
Project("{9A19103F-16F7-4668-BE54-9A1E7A4F7556}") = "SAB00100Common", "Back\Common\SAB00100Common\SAB00100Common.csproj", "{2A64BBE2-2764-48E1-B4D0-8D5F715316B5}"
EndProject
Project("{9A19103F-16F7-4668-BE54-9A1E7A4F7556}") = "SAB00100Back", "Back\Back\SAB00100Back\SAB00100Back.csproj", "{11CCDE11-7851-4250-AB77-1C9B63A6CF5D}"
EndProject
Project("{2150E333-8FDC-42A3-9474-1A3956D46DE8}") = "SAB00100", "SAB00100", "{2CC4D3C3-8A1F-42F0-A91D-1041C16D4FB9}"
EndProject
Project("{9A19103F-16F7-4668-BE54-9A1E7A4F7556}") = "SAB00100FrontResources", "Front\Resources\SAB00100FrontResources\SAB00100FrontResources.csproj", "{51CEE0AD-D910-4512-84D5-E5425EB2E741}"
EndProject
Project("{9A19103F-16F7-4668-BE54-9A1E7A4F7556}") = "SAB00100Model", "Front\ViewModel\SAB00100Model\SAB00100Model.csproj", "{D73EB4FD-C65D-4404-961C-E4ACB84468BF}"
EndProject
Project("{2150E333-8FDC-42A3-9474-1A3956D46DE8}") = "SAB00200", "SAB00200", "{7ADE5D8C-8242-4984-8086-FB454BB66734}"
EndProject
Project("{9A19103F-16F7-4668-BE54-9A1E7A4F7556}") = "SAB00200Model", "Front\ViewModel\SAB00200Model\SAB00200Model.csproj", "{3AA31BE3-696C-47E9-8233-4B4D9EF75354}"
EndProject
Project("{9A19103F-16F7-4668-BE54-9A1E7A4F7556}") = "SAB00200Front", "SAB00200Front\SAB00200Front.csproj", "{7D25ED38-079D-4614-8AF3-A9C972F52F0D}"
EndProject
Project("{9A19103F-16F7-4668-BE54-9A1E7A4F7556}") = "SAB00100Front", "Front\Front\SAB00100Front\SAB00100Front.csproj", "{628F9960-A0F5-4774-8AF7-E6653F09780A}"
EndProject
Project("{2150E333-8FDC-42A3-9474-1A3956D46DE8}") = "SAB00400", "SAB00400", "{184E1D5D-BC48-41B2-8A1C-465C555E5D9C}"
EndProject
Project("{9A19103F-16F7-4668-BE54-9A1E7A4F7556}") = "SAB00400Common", "Back\Common\SAB00400Common\SAB00400Common.csproj", "{B7D36691-B35F-4C59-9EC3-A19052C5B989}"
EndProject
Project("{9A19103F-16F7-4668-BE54-9A1E7A4F7556}") = "SAB00400Back", "Back\Back\SAB00400Back\SAB00400Back.csproj", "{B5AD5AC3-5E6E-48F5-A343-BC8B2B70B3B5}"
EndProject
Project("{9A19103F-16F7-4668-BE54-9A1E7A4F7556}") = "SAB00400Controller", "Back\Controller\SAB00400Controller\SAB00400Controller.csproj", "{CF480D30-C048-4628-9662-86EE3E47C20A}"
EndProject
Project("{2150E333-8FDC-42A3-9474-1A3956D46DE8}") = "SAB00400", "SAB00400", "{F51417A3-497F-4AA3-A291-720C20770EF7}"
EndProject
Project("{9A19103F-16F7-4668-BE54-9A1E7A4F7556}") = "SAB00400Front", "Front\Front\SAB00400Front\SAB00400Front.csproj", "{C2CCBB10-C4A5-4360-8787-630AE497837A}"
EndProject
Project("{9A19103F-16F7-4668-BE54-9A1E7A4F7556}") = "SAB00400Model", "Front\ViewModel\SAB00400Model\SAB00400Model.csproj", "{F4B60846-AA36-44D7-A823-D2BE38067185}"
EndProject
Project("{2150E333-8FDC-42A3-9474-1A3956D46DE8}") = "SAB01400", "SAB01400", "{E937FCF3-F5E9-4270-8207-76E124E60C79}"
EndProject
Project("{9A19103F-16F7-4668-BE54-9A1E7A4F7556}") = "PublicLookupCommon", "Back\Common\PublicLookupCommon\PublicLookupCommon.csproj", "{97585429-8459-4BFE-9348-33F61A3B57E0}"
EndProject
Project("{9A19103F-16F7-4668-BE54-9A1E7A4F7556}") = "PublicLookupBack", "Back\Back\PublicLookupBack\PublicLookupBack.csproj", "{C997A69D-6C80-4FF1-BC78-BF6E6C75348F}"
EndProject
Project("{9A19103F-16F7-4668-BE54-9A1E7A4F7556}") = "PublicLookupController", "Back\Controller\PublicLookupController\PublicLookupController.csproj", "{F2592A86-473B-4EA3-A539-4EE02C76F293}"
EndProject
Project("{2150E333-8FDC-42A3-9474-1A3956D46DE8}") = "PublicLookup", "PublicLookup", "{55CEF969-E6B0-45B9-8A3E-D9FCEEF58179}"
EndProject
Project("{9A19103F-16F7-4668-BE54-9A1E7A4F7556}") = "PublicLookupFront", "Front\Front\PublicLookupFront\PublicLookupFront.csproj", "{FE293E7C-6E9D-499A-8D10-52BBB55BCC41}"
EndProject
Project("{9A19103F-16F7-4668-BE54-9A1E7A4F7556}") = "PublicLookupModel", "Front\ViewModel\PublicLookupModel\PublicLookupModel.csproj", "{451D52CA-2FB8-4A13-A104-956A4177E302}"
EndProject
Project("{2150E333-8FDC-42A3-9474-1A3956D46DE8}") = "SAB01400", "SAB01400", "{2E386A17-2DB8-465B-935F-16F4FD787196}"
EndProject
Project("{9A19103F-16F7-4668-BE54-9A1E7A4F7556}") = "SAB01400Front", "Front\Front\SAB01400Front\SAB01400Front.csproj", "{E70A1819-456C-4D44-AE5B-B0C838352218}"
EndProject
Global
	GlobalSection(SolutionConfigurationPlatforms) = preSolution
		Debug|Any CPU = Debug|Any CPU
		Release|Any CPU = Release|Any CPU
	EndGlobalSection
	GlobalSection(ProjectConfigurationPlatforms) = postSolution
		{12D153FD-BEC8-42EA-99F4-B5159E48C0C6}.Debug|Any CPU.ActiveCfg = Debug|Any CPU
		{12D153FD-BEC8-42EA-99F4-B5159E48C0C6}.Debug|Any CPU.Build.0 = Debug|Any CPU
		{12D153FD-BEC8-42EA-99F4-B5159E48C0C6}.Release|Any CPU.ActiveCfg = Release|Any CPU
		{12D153FD-BEC8-42EA-99F4-B5159E48C0C6}.Release|Any CPU.Build.0 = Release|Any CPU
		{58BDB1D7-862D-4688-8471-DAA1E161A0B5}.Debug|Any CPU.ActiveCfg = Debug|Any CPU
		{58BDB1D7-862D-4688-8471-DAA1E161A0B5}.Debug|Any CPU.Build.0 = Debug|Any CPU
		{58BDB1D7-862D-4688-8471-DAA1E161A0B5}.Release|Any CPU.ActiveCfg = Release|Any CPU
		{58BDB1D7-862D-4688-8471-DAA1E161A0B5}.Release|Any CPU.Build.0 = Release|Any CPU
		{1AC8FD9A-D52E-402E-AC66-F93DBECB2B98}.Debug|Any CPU.ActiveCfg = Debug|Any CPU
		{1AC8FD9A-D52E-402E-AC66-F93DBECB2B98}.Debug|Any CPU.Build.0 = Debug|Any CPU
		{1AC8FD9A-D52E-402E-AC66-F93DBECB2B98}.Release|Any CPU.ActiveCfg = Release|Any CPU
		{1AC8FD9A-D52E-402E-AC66-F93DBECB2B98}.Release|Any CPU.Build.0 = Release|Any CPU
		{BE2CFD13-D072-49CE-84B1-C3404AD28DBE}.Debug|Any CPU.ActiveCfg = Debug|Any CPU
		{BE2CFD13-D072-49CE-84B1-C3404AD28DBE}.Debug|Any CPU.Build.0 = Debug|Any CPU
		{BE2CFD13-D072-49CE-84B1-C3404AD28DBE}.Release|Any CPU.ActiveCfg = Release|Any CPU
		{BE2CFD13-D072-49CE-84B1-C3404AD28DBE}.Release|Any CPU.Build.0 = Release|Any CPU
		{BB70A458-D7FB-473D-9665-53613DABC4B0}.Debug|Any CPU.ActiveCfg = Debug|Any CPU
		{BB70A458-D7FB-473D-9665-53613DABC4B0}.Debug|Any CPU.Build.0 = Debug|Any CPU
		{BB70A458-D7FB-473D-9665-53613DABC4B0}.Release|Any CPU.ActiveCfg = Release|Any CPU
		{BB70A458-D7FB-473D-9665-53613DABC4B0}.Release|Any CPU.Build.0 = Release|Any CPU
		{7D9F651F-EF12-48B5-B8D6-4028380F4AFC}.Debug|Any CPU.ActiveCfg = Debug|Any CPU
		{7D9F651F-EF12-48B5-B8D6-4028380F4AFC}.Debug|Any CPU.Build.0 = Debug|Any CPU
		{7D9F651F-EF12-48B5-B8D6-4028380F4AFC}.Release|Any CPU.ActiveCfg = Release|Any CPU
		{7D9F651F-EF12-48B5-B8D6-4028380F4AFC}.Release|Any CPU.Build.0 = Release|Any CPU
		{304A0342-587F-4A5F-85DB-080A72C9B07A}.Debug|Any CPU.ActiveCfg = Debug|Any CPU
		{304A0342-587F-4A5F-85DB-080A72C9B07A}.Debug|Any CPU.Build.0 = Debug|Any CPU
		{304A0342-587F-4A5F-85DB-080A72C9B07A}.Release|Any CPU.ActiveCfg = Release|Any CPU
		{304A0342-587F-4A5F-85DB-080A72C9B07A}.Release|Any CPU.Build.0 = Release|Any CPU
		{025C559C-7C29-4862-B60E-D30F0B4030F4}.Debug|Any CPU.ActiveCfg = Debug|Any CPU
		{025C559C-7C29-4862-B60E-D30F0B4030F4}.Debug|Any CPU.Build.0 = Debug|Any CPU
		{025C559C-7C29-4862-B60E-D30F0B4030F4}.Release|Any CPU.ActiveCfg = Release|Any CPU
		{025C559C-7C29-4862-B60E-D30F0B4030F4}.Release|Any CPU.Build.0 = Release|Any CPU
		{5CC9E448-AE76-4180-A5BC-1E01EE14AAF8}.Debug|Any CPU.ActiveCfg = Debug|Any CPU
		{5CC9E448-AE76-4180-A5BC-1E01EE14AAF8}.Debug|Any CPU.Build.0 = Debug|Any CPU
		{5CC9E448-AE76-4180-A5BC-1E01EE14AAF8}.Release|Any CPU.ActiveCfg = Release|Any CPU
		{5CC9E448-AE76-4180-A5BC-1E01EE14AAF8}.Release|Any CPU.Build.0 = Release|Any CPU
		{516A80F6-5F30-463A-BFB3-C95BBFA4C23E}.Debug|Any CPU.ActiveCfg = Debug|Any CPU
		{516A80F6-5F30-463A-BFB3-C95BBFA4C23E}.Debug|Any CPU.Build.0 = Debug|Any CPU
		{516A80F6-5F30-463A-BFB3-C95BBFA4C23E}.Release|Any CPU.ActiveCfg = Release|Any CPU
		{516A80F6-5F30-463A-BFB3-C95BBFA4C23E}.Release|Any CPU.Build.0 = Release|Any CPU
		{46E0DC55-D499-42E0-8CB0-79EE8FC32C67}.Debug|Any CPU.ActiveCfg = Debug|Any CPU
		{46E0DC55-D499-42E0-8CB0-79EE8FC32C67}.Debug|Any CPU.Build.0 = Debug|Any CPU
		{46E0DC55-D499-42E0-8CB0-79EE8FC32C67}.Release|Any CPU.ActiveCfg = Release|Any CPU
		{46E0DC55-D499-42E0-8CB0-79EE8FC32C67}.Release|Any CPU.Build.0 = Release|Any CPU
		{F7C03946-5815-4D2D-8F23-D3ABA452E3B9}.Debug|Any CPU.ActiveCfg = Debug|Any CPU
		{F7C03946-5815-4D2D-8F23-D3ABA452E3B9}.Debug|Any CPU.Build.0 = Debug|Any CPU
		{F7C03946-5815-4D2D-8F23-D3ABA452E3B9}.Release|Any CPU.ActiveCfg = Release|Any CPU
		{F7C03946-5815-4D2D-8F23-D3ABA452E3B9}.Release|Any CPU.Build.0 = Release|Any CPU
		{6EFCBBB2-F726-4094-91A3-38AF31302723}.Debug|Any CPU.ActiveCfg = Debug|Any CPU
		{6EFCBBB2-F726-4094-91A3-38AF31302723}.Debug|Any CPU.Build.0 = Debug|Any CPU
		{6EFCBBB2-F726-4094-91A3-38AF31302723}.Release|Any CPU.ActiveCfg = Release|Any CPU
		{6EFCBBB2-F726-4094-91A3-38AF31302723}.Release|Any CPU.Build.0 = Release|Any CPU
		{4B8DC2AD-8612-497C-B366-EFDB6DD4DD1A}.Debug|Any CPU.ActiveCfg = Debug|Any CPU
		{4B8DC2AD-8612-497C-B366-EFDB6DD4DD1A}.Debug|Any CPU.Build.0 = Debug|Any CPU
		{4B8DC2AD-8612-497C-B366-EFDB6DD4DD1A}.Release|Any CPU.ActiveCfg = Release|Any CPU
		{4B8DC2AD-8612-497C-B366-EFDB6DD4DD1A}.Release|Any CPU.Build.0 = Release|Any CPU
		{4E4EE381-D3B6-48B9-BBBA-A1C1624C6119}.Debug|Any CPU.ActiveCfg = Debug|Any CPU
		{4E4EE381-D3B6-48B9-BBBA-A1C1624C6119}.Debug|Any CPU.Build.0 = Debug|Any CPU
		{4E4EE381-D3B6-48B9-BBBA-A1C1624C6119}.Release|Any CPU.ActiveCfg = Release|Any CPU
		{4E4EE381-D3B6-48B9-BBBA-A1C1624C6119}.Release|Any CPU.Build.0 = Release|Any CPU
		{AE700D16-5F83-430C-900D-F7F5D0A58FD0}.Debug|Any CPU.ActiveCfg = Debug|Any CPU
		{AE700D16-5F83-430C-900D-F7F5D0A58FD0}.Debug|Any CPU.Build.0 = Debug|Any CPU
		{AE700D16-5F83-430C-900D-F7F5D0A58FD0}.Release|Any CPU.ActiveCfg = Release|Any CPU
		{AE700D16-5F83-430C-900D-F7F5D0A58FD0}.Release|Any CPU.Build.0 = Release|Any CPU
		{59A95F0A-8736-4D06-8FB7-CC2F9D8261CF}.Debug|Any CPU.ActiveCfg = Debug|Any CPU
		{59A95F0A-8736-4D06-8FB7-CC2F9D8261CF}.Debug|Any CPU.Build.0 = Debug|Any CPU
		{59A95F0A-8736-4D06-8FB7-CC2F9D8261CF}.Release|Any CPU.ActiveCfg = Release|Any CPU
		{59A95F0A-8736-4D06-8FB7-CC2F9D8261CF}.Release|Any CPU.Build.0 = Release|Any CPU
		{5143FFE8-5C39-4DBD-8D3F-E7F7E00503E5}.Debug|Any CPU.ActiveCfg = Debug|Any CPU
		{5143FFE8-5C39-4DBD-8D3F-E7F7E00503E5}.Debug|Any CPU.Build.0 = Debug|Any CPU
		{5143FFE8-5C39-4DBD-8D3F-E7F7E00503E5}.Release|Any CPU.ActiveCfg = Release|Any CPU
		{5143FFE8-5C39-4DBD-8D3F-E7F7E00503E5}.Release|Any CPU.Build.0 = Release|Any CPU
		{C91EBFE4-65F2-4BA1-9B17-96C4C7D314E5}.Debug|Any CPU.ActiveCfg = Debug|Any CPU
		{C91EBFE4-65F2-4BA1-9B17-96C4C7D314E5}.Debug|Any CPU.Build.0 = Debug|Any CPU
		{C91EBFE4-65F2-4BA1-9B17-96C4C7D314E5}.Release|Any CPU.ActiveCfg = Release|Any CPU
		{C91EBFE4-65F2-4BA1-9B17-96C4C7D314E5}.Release|Any CPU.Build.0 = Release|Any CPU
		{FD118AF1-E496-4497-B520-A3A74A4356EC}.Debug|Any CPU.ActiveCfg = Debug|Any CPU
		{FD118AF1-E496-4497-B520-A3A74A4356EC}.Debug|Any CPU.Build.0 = Debug|Any CPU
		{FD118AF1-E496-4497-B520-A3A74A4356EC}.Release|Any CPU.ActiveCfg = Release|Any CPU
		{FD118AF1-E496-4497-B520-A3A74A4356EC}.Release|Any CPU.Build.0 = Release|Any CPU
		{4C37FAF9-0E8B-40CB-966B-91E683EC5D4D}.Debug|Any CPU.ActiveCfg = Debug|Any CPU
		{4C37FAF9-0E8B-40CB-966B-91E683EC5D4D}.Debug|Any CPU.Build.0 = Debug|Any CPU
		{4C37FAF9-0E8B-40CB-966B-91E683EC5D4D}.Release|Any CPU.ActiveCfg = Release|Any CPU
		{4C37FAF9-0E8B-40CB-966B-91E683EC5D4D}.Release|Any CPU.Build.0 = Release|Any CPU
		{14BF0195-EA5B-4A9A-B18A-7CB72BF56C23}.Debug|Any CPU.ActiveCfg = Debug|Any CPU
		{14BF0195-EA5B-4A9A-B18A-7CB72BF56C23}.Debug|Any CPU.Build.0 = Debug|Any CPU
		{14BF0195-EA5B-4A9A-B18A-7CB72BF56C23}.Release|Any CPU.ActiveCfg = Release|Any CPU
		{14BF0195-EA5B-4A9A-B18A-7CB72BF56C23}.Release|Any CPU.Build.0 = Release|Any CPU
		{B775BEE8-298E-4766-8BC8-9A67A730B51C}.Debug|Any CPU.ActiveCfg = Debug|Any CPU
		{B775BEE8-298E-4766-8BC8-9A67A730B51C}.Debug|Any CPU.Build.0 = Debug|Any CPU
		{B775BEE8-298E-4766-8BC8-9A67A730B51C}.Release|Any CPU.ActiveCfg = Release|Any CPU
		{B775BEE8-298E-4766-8BC8-9A67A730B51C}.Release|Any CPU.Build.0 = Release|Any CPU
		{C3E3A740-7DF0-49E5-A001-3B7A5B7CF89F}.Debug|Any CPU.ActiveCfg = Debug|Any CPU
		{C3E3A740-7DF0-49E5-A001-3B7A5B7CF89F}.Debug|Any CPU.Build.0 = Debug|Any CPU
		{C3E3A740-7DF0-49E5-A001-3B7A5B7CF89F}.Release|Any CPU.ActiveCfg = Release|Any CPU
		{C3E3A740-7DF0-49E5-A001-3B7A5B7CF89F}.Release|Any CPU.Build.0 = Release|Any CPU
		{6577BB0D-31FD-42C6-8318-32CCC138145F}.Debug|Any CPU.ActiveCfg = Debug|Any CPU
		{6577BB0D-31FD-42C6-8318-32CCC138145F}.Debug|Any CPU.Build.0 = Debug|Any CPU
		{6577BB0D-31FD-42C6-8318-32CCC138145F}.Release|Any CPU.ActiveCfg = Release|Any CPU
		{6577BB0D-31FD-42C6-8318-32CCC138145F}.Release|Any CPU.Build.0 = Release|Any CPU
		{CB581EB3-1840-41B4-92CD-755746EDA384}.Debug|Any CPU.ActiveCfg = Debug|Any CPU
		{CB581EB3-1840-41B4-92CD-755746EDA384}.Debug|Any CPU.Build.0 = Debug|Any CPU
		{CB581EB3-1840-41B4-92CD-755746EDA384}.Release|Any CPU.ActiveCfg = Release|Any CPU
		{CB581EB3-1840-41B4-92CD-755746EDA384}.Release|Any CPU.Build.0 = Release|Any CPU
		{2D23AE2E-1942-4A34-96B1-8E1E7F69C0D0}.Debug|Any CPU.ActiveCfg = Debug|Any CPU
		{2D23AE2E-1942-4A34-96B1-8E1E7F69C0D0}.Debug|Any CPU.Build.0 = Debug|Any CPU
		{2D23AE2E-1942-4A34-96B1-8E1E7F69C0D0}.Release|Any CPU.ActiveCfg = Release|Any CPU
		{2D23AE2E-1942-4A34-96B1-8E1E7F69C0D0}.Release|Any CPU.Build.0 = Release|Any CPU
		{2A64BBE2-2764-48E1-B4D0-8D5F715316B5}.Debug|Any CPU.ActiveCfg = Debug|Any CPU
		{2A64BBE2-2764-48E1-B4D0-8D5F715316B5}.Debug|Any CPU.Build.0 = Debug|Any CPU
		{2A64BBE2-2764-48E1-B4D0-8D5F715316B5}.Release|Any CPU.ActiveCfg = Release|Any CPU
		{2A64BBE2-2764-48E1-B4D0-8D5F715316B5}.Release|Any CPU.Build.0 = Release|Any CPU
		{11CCDE11-7851-4250-AB77-1C9B63A6CF5D}.Debug|Any CPU.ActiveCfg = Debug|Any CPU
		{11CCDE11-7851-4250-AB77-1C9B63A6CF5D}.Debug|Any CPU.Build.0 = Debug|Any CPU
		{11CCDE11-7851-4250-AB77-1C9B63A6CF5D}.Release|Any CPU.ActiveCfg = Release|Any CPU
		{11CCDE11-7851-4250-AB77-1C9B63A6CF5D}.Release|Any CPU.Build.0 = Release|Any CPU
		{51CEE0AD-D910-4512-84D5-E5425EB2E741}.Debug|Any CPU.ActiveCfg = Debug|Any CPU
		{51CEE0AD-D910-4512-84D5-E5425EB2E741}.Debug|Any CPU.Build.0 = Debug|Any CPU
		{51CEE0AD-D910-4512-84D5-E5425EB2E741}.Release|Any CPU.ActiveCfg = Release|Any CPU
		{51CEE0AD-D910-4512-84D5-E5425EB2E741}.Release|Any CPU.Build.0 = Release|Any CPU
		{D73EB4FD-C65D-4404-961C-E4ACB84468BF}.Debug|Any CPU.ActiveCfg = Debug|Any CPU
		{D73EB4FD-C65D-4404-961C-E4ACB84468BF}.Debug|Any CPU.Build.0 = Debug|Any CPU
		{D73EB4FD-C65D-4404-961C-E4ACB84468BF}.Release|Any CPU.ActiveCfg = Release|Any CPU
		{D73EB4FD-C65D-4404-961C-E4ACB84468BF}.Release|Any CPU.Build.0 = Release|Any CPU
		{3AA31BE3-696C-47E9-8233-4B4D9EF75354}.Debug|Any CPU.ActiveCfg = Debug|Any CPU
		{3AA31BE3-696C-47E9-8233-4B4D9EF75354}.Debug|Any CPU.Build.0 = Debug|Any CPU
		{3AA31BE3-696C-47E9-8233-4B4D9EF75354}.Release|Any CPU.ActiveCfg = Release|Any CPU
		{3AA31BE3-696C-47E9-8233-4B4D9EF75354}.Release|Any CPU.Build.0 = Release|Any CPU
		{7D25ED38-079D-4614-8AF3-A9C972F52F0D}.Debug|Any CPU.ActiveCfg = Debug|Any CPU
		{7D25ED38-079D-4614-8AF3-A9C972F52F0D}.Debug|Any CPU.Build.0 = Debug|Any CPU
		{7D25ED38-079D-4614-8AF3-A9C972F52F0D}.Release|Any CPU.ActiveCfg = Release|Any CPU
		{7D25ED38-079D-4614-8AF3-A9C972F52F0D}.Release|Any CPU.Build.0 = Release|Any CPU
		{628F9960-A0F5-4774-8AF7-E6653F09780A}.Debug|Any CPU.ActiveCfg = Debug|Any CPU
		{628F9960-A0F5-4774-8AF7-E6653F09780A}.Debug|Any CPU.Build.0 = Debug|Any CPU
		{628F9960-A0F5-4774-8AF7-E6653F09780A}.Release|Any CPU.ActiveCfg = Release|Any CPU
		{628F9960-A0F5-4774-8AF7-E6653F09780A}.Release|Any CPU.Build.0 = Release|Any CPU
		{B7D36691-B35F-4C59-9EC3-A19052C5B989}.Debug|Any CPU.ActiveCfg = Debug|Any CPU
		{B7D36691-B35F-4C59-9EC3-A19052C5B989}.Debug|Any CPU.Build.0 = Debug|Any CPU
		{B7D36691-B35F-4C59-9EC3-A19052C5B989}.Release|Any CPU.ActiveCfg = Release|Any CPU
		{B7D36691-B35F-4C59-9EC3-A19052C5B989}.Release|Any CPU.Build.0 = Release|Any CPU
		{B5AD5AC3-5E6E-48F5-A343-BC8B2B70B3B5}.Debug|Any CPU.ActiveCfg = Debug|Any CPU
		{B5AD5AC3-5E6E-48F5-A343-BC8B2B70B3B5}.Debug|Any CPU.Build.0 = Debug|Any CPU
		{B5AD5AC3-5E6E-48F5-A343-BC8B2B70B3B5}.Release|Any CPU.ActiveCfg = Release|Any CPU
		{B5AD5AC3-5E6E-48F5-A343-BC8B2B70B3B5}.Release|Any CPU.Build.0 = Release|Any CPU
		{CF480D30-C048-4628-9662-86EE3E47C20A}.Debug|Any CPU.ActiveCfg = Debug|Any CPU
		{CF480D30-C048-4628-9662-86EE3E47C20A}.Debug|Any CPU.Build.0 = Debug|Any CPU
		{CF480D30-C048-4628-9662-86EE3E47C20A}.Release|Any CPU.ActiveCfg = Release|Any CPU
		{CF480D30-C048-4628-9662-86EE3E47C20A}.Release|Any CPU.Build.0 = Release|Any CPU
		{C2CCBB10-C4A5-4360-8787-630AE497837A}.Debug|Any CPU.ActiveCfg = Debug|Any CPU
		{C2CCBB10-C4A5-4360-8787-630AE497837A}.Debug|Any CPU.Build.0 = Debug|Any CPU
		{C2CCBB10-C4A5-4360-8787-630AE497837A}.Release|Any CPU.ActiveCfg = Release|Any CPU
		{C2CCBB10-C4A5-4360-8787-630AE497837A}.Release|Any CPU.Build.0 = Release|Any CPU
		{F4B60846-AA36-44D7-A823-D2BE38067185}.Debug|Any CPU.ActiveCfg = Debug|Any CPU
		{F4B60846-AA36-44D7-A823-D2BE38067185}.Debug|Any CPU.Build.0 = Debug|Any CPU
		{F4B60846-AA36-44D7-A823-D2BE38067185}.Release|Any CPU.ActiveCfg = Release|Any CPU
		{F4B60846-AA36-44D7-A823-D2BE38067185}.Release|Any CPU.Build.0 = Release|Any CPU
		{97585429-8459-4BFE-9348-33F61A3B57E0}.Debug|Any CPU.ActiveCfg = Debug|Any CPU
		{97585429-8459-4BFE-9348-33F61A3B57E0}.Debug|Any CPU.Build.0 = Debug|Any CPU
		{97585429-8459-4BFE-9348-33F61A3B57E0}.Release|Any CPU.ActiveCfg = Release|Any CPU
		{97585429-8459-4BFE-9348-33F61A3B57E0}.Release|Any CPU.Build.0 = Release|Any CPU
		{C997A69D-6C80-4FF1-BC78-BF6E6C75348F}.Debug|Any CPU.ActiveCfg = Debug|Any CPU
		{C997A69D-6C80-4FF1-BC78-BF6E6C75348F}.Debug|Any CPU.Build.0 = Debug|Any CPU
		{C997A69D-6C80-4FF1-BC78-BF6E6C75348F}.Release|Any CPU.ActiveCfg = Release|Any CPU
		{C997A69D-6C80-4FF1-BC78-BF6E6C75348F}.Release|Any CPU.Build.0 = Release|Any CPU
		{F2592A86-473B-4EA3-A539-4EE02C76F293}.Debug|Any CPU.ActiveCfg = Debug|Any CPU
		{F2592A86-473B-4EA3-A539-4EE02C76F293}.Debug|Any CPU.Build.0 = Debug|Any CPU
		{F2592A86-473B-4EA3-A539-4EE02C76F293}.Release|Any CPU.ActiveCfg = Release|Any CPU
		{F2592A86-473B-4EA3-A539-4EE02C76F293}.Release|Any CPU.Build.0 = Release|Any CPU
		{FE293E7C-6E9D-499A-8D10-52BBB55BCC41}.Debug|Any CPU.ActiveCfg = Debug|Any CPU
		{FE293E7C-6E9D-499A-8D10-52BBB55BCC41}.Debug|Any CPU.Build.0 = Debug|Any CPU
		{FE293E7C-6E9D-499A-8D10-52BBB55BCC41}.Release|Any CPU.ActiveCfg = Release|Any CPU
		{FE293E7C-6E9D-499A-8D10-52BBB55BCC41}.Release|Any CPU.Build.0 = Release|Any CPU
		{451D52CA-2FB8-4A13-A104-956A4177E302}.Debug|Any CPU.ActiveCfg = Debug|Any CPU
		{451D52CA-2FB8-4A13-A104-956A4177E302}.Debug|Any CPU.Build.0 = Debug|Any CPU
		{451D52CA-2FB8-4A13-A104-956A4177E302}.Release|Any CPU.ActiveCfg = Release|Any CPU
		{451D52CA-2FB8-4A13-A104-956A4177E302}.Release|Any CPU.Build.0 = Release|Any CPU
		{E70A1819-456C-4D44-AE5B-B0C838352218}.Debug|Any CPU.ActiveCfg = Debug|Any CPU
		{E70A1819-456C-4D44-AE5B-B0C838352218}.Debug|Any CPU.Build.0 = Debug|Any CPU
		{E70A1819-456C-4D44-AE5B-B0C838352218}.Release|Any CPU.ActiveCfg = Release|Any CPU
		{E70A1819-456C-4D44-AE5B-B0C838352218}.Release|Any CPU.Build.0 = Release|Any CPU
	EndGlobalSection
	GlobalSection(SolutionProperties) = preSolution
		HideSolutionNode = FALSE
	EndGlobalSection
	GlobalSection(NestedProjects) = preSolution
		{12D153FD-BEC8-42EA-99F4-B5159E48C0C6} = {67220745-3415-4FF0-9FC1-BDCF186E65D7}
		{58BDB1D7-862D-4688-8471-DAA1E161A0B5} = {24CF6434-66CD-4015-AF7B-4DEA982BE12A}
		{99EDA275-1ECB-481C-96C9-A043F00B7532} = {24B46B0D-EAAA-48F3-8C1F-79690CF67DEB}
		{1CF5B1A9-3090-4554-8ED7-60C669F7B702} = {B071094A-34F0-4C76-829C-84D80EB6EC34}
		{BE2CFD13-D072-49CE-84B1-C3404AD28DBE} = {1CF5B1A9-3090-4554-8ED7-60C669F7B702}
		{BB70A458-D7FB-473D-9665-53613DABC4B0} = {1CF5B1A9-3090-4554-8ED7-60C669F7B702}
		{7D9F651F-EF12-48B5-B8D6-4028380F4AFC} = {1CF5B1A9-3090-4554-8ED7-60C669F7B702}
		{9FB300C8-EC19-4A02-A17A-46289A249110} = {B071094A-34F0-4C76-829C-84D80EB6EC34}
		{304A0342-587F-4A5F-85DB-080A72C9B07A} = {9FB300C8-EC19-4A02-A17A-46289A249110}
		{025C559C-7C29-4862-B60E-D30F0B4030F4} = {9FB300C8-EC19-4A02-A17A-46289A249110}
		{5CC9E448-AE76-4180-A5BC-1E01EE14AAF8} = {9FB300C8-EC19-4A02-A17A-46289A249110}
		{0250723D-5F90-4BF1-90DD-17D24CD63511} = {B071094A-34F0-4C76-829C-84D80EB6EC34}
		{516A80F6-5F30-463A-BFB3-C95BBFA4C23E} = {0250723D-5F90-4BF1-90DD-17D24CD63511}
		{46E0DC55-D499-42E0-8CB0-79EE8FC32C67} = {0250723D-5F90-4BF1-90DD-17D24CD63511}
		{F7C03946-5815-4D2D-8F23-D3ABA452E3B9} = {0250723D-5F90-4BF1-90DD-17D24CD63511}
		{0D753659-73BF-4A5C-B503-3CAA4E989C12} = {B071094A-34F0-4C76-829C-84D80EB6EC34}
		{6EFCBBB2-F726-4094-91A3-38AF31302723} = {0D753659-73BF-4A5C-B503-3CAA4E989C12}
		{4B8DC2AD-8612-497C-B366-EFDB6DD4DD1A} = {0D753659-73BF-4A5C-B503-3CAA4E989C12}
		{4E4EE381-D3B6-48B9-BBBA-A1C1624C6119} = {0D753659-73BF-4A5C-B503-3CAA4E989C12}
		{AE700D16-5F83-430C-900D-F7F5D0A58FD0} = {99EDA275-1ECB-481C-96C9-A043F00B7532}
		{59A95F0A-8736-4D06-8FB7-CC2F9D8261CF} = {99EDA275-1ECB-481C-96C9-A043F00B7532}
		{68C38D09-26AC-44AF-8A5F-23D1B26147D2} = {24B46B0D-EAAA-48F3-8C1F-79690CF67DEB}
		{5143FFE8-5C39-4DBD-8D3F-E7F7E00503E5} = {68C38D09-26AC-44AF-8A5F-23D1B26147D2}
		{C91EBFE4-65F2-4BA1-9B17-96C4C7D314E5} = {68C38D09-26AC-44AF-8A5F-23D1B26147D2}
		{74BB1F7B-4151-4716-B437-F1C41D54B92D} = {24B46B0D-EAAA-48F3-8C1F-79690CF67DEB}
		{FD118AF1-E496-4497-B520-A3A74A4356EC} = {74BB1F7B-4151-4716-B437-F1C41D54B92D}
		{4C37FAF9-0E8B-40CB-966B-91E683EC5D4D} = {74BB1F7B-4151-4716-B437-F1C41D54B92D}
		{CE958486-1FF1-42FB-BFFF-F9C0B816A413} = {24B46B0D-EAAA-48F3-8C1F-79690CF67DEB}
		{14BF0195-EA5B-4A9A-B18A-7CB72BF56C23} = {CE958486-1FF1-42FB-BFFF-F9C0B816A413}
		{B775BEE8-298E-4766-8BC8-9A67A730B51C} = {CE958486-1FF1-42FB-BFFF-F9C0B816A413}
		{C3E3A740-7DF0-49E5-A001-3B7A5B7CF89F} = {E3A282D6-AC58-486C-BFF8-2CB078BDE191}
		{6577BB0D-31FD-42C6-8318-32CCC138145F} = {24CF6434-66CD-4015-AF7B-4DEA982BE12A}
		{CB581EB3-1840-41B4-92CD-755746EDA384} = {68C38D09-26AC-44AF-8A5F-23D1B26147D2}
		{86EF9E2E-31B5-4D98-91DC-84A80FCF300B} = {B071094A-34F0-4C76-829C-84D80EB6EC34}
		{2D23AE2E-1942-4A34-96B1-8E1E7F69C0D0} = {86EF9E2E-31B5-4D98-91DC-84A80FCF300B}
		{2A64BBE2-2764-48E1-B4D0-8D5F715316B5} = {86EF9E2E-31B5-4D98-91DC-84A80FCF300B}
		{11CCDE11-7851-4250-AB77-1C9B63A6CF5D} = {86EF9E2E-31B5-4D98-91DC-84A80FCF300B}
		{2CC4D3C3-8A1F-42F0-A91D-1041C16D4FB9} = {24B46B0D-EAAA-48F3-8C1F-79690CF67DEB}
		{51CEE0AD-D910-4512-84D5-E5425EB2E741} = {2CC4D3C3-8A1F-42F0-A91D-1041C16D4FB9}
		{D73EB4FD-C65D-4404-961C-E4ACB84468BF} = {2CC4D3C3-8A1F-42F0-A91D-1041C16D4FB9}
		{7ADE5D8C-8242-4984-8086-FB454BB66734} = {24B46B0D-EAAA-48F3-8C1F-79690CF67DEB}
		{3AA31BE3-696C-47E9-8233-4B4D9EF75354} = {7ADE5D8C-8242-4984-8086-FB454BB66734}
		{7D25ED38-079D-4614-8AF3-A9C972F52F0D} = {7ADE5D8C-8242-4984-8086-FB454BB66734}
		{628F9960-A0F5-4774-8AF7-E6653F09780A} = {2CC4D3C3-8A1F-42F0-A91D-1041C16D4FB9}
		{184E1D5D-BC48-41B2-8A1C-465C555E5D9C} = {B071094A-34F0-4C76-829C-84D80EB6EC34}
		{B7D36691-B35F-4C59-9EC3-A19052C5B989} = {184E1D5D-BC48-41B2-8A1C-465C555E5D9C}
		{B5AD5AC3-5E6E-48F5-A343-BC8B2B70B3B5} = {184E1D5D-BC48-41B2-8A1C-465C555E5D9C}
		{CF480D30-C048-4628-9662-86EE3E47C20A} = {184E1D5D-BC48-41B2-8A1C-465C555E5D9C}
		{F51417A3-497F-4AA3-A291-720C20770EF7} = {24B46B0D-EAAA-48F3-8C1F-79690CF67DEB}
		{C2CCBB10-C4A5-4360-8787-630AE497837A} = {F51417A3-497F-4AA3-A291-720C20770EF7}
		{F4B60846-AA36-44D7-A823-D2BE38067185} = {F51417A3-497F-4AA3-A291-720C20770EF7}
		{E937FCF3-F5E9-4270-8207-76E124E60C79} = {B071094A-34F0-4C76-829C-84D80EB6EC34}
		{97585429-8459-4BFE-9348-33F61A3B57E0} = {E937FCF3-F5E9-4270-8207-76E124E60C79}
		{C997A69D-6C80-4FF1-BC78-BF6E6C75348F} = {E937FCF3-F5E9-4270-8207-76E124E60C79}
		{F2592A86-473B-4EA3-A539-4EE02C76F293} = {E937FCF3-F5E9-4270-8207-76E124E60C79}
		{55CEF969-E6B0-45B9-8A3E-D9FCEEF58179} = {24B46B0D-EAAA-48F3-8C1F-79690CF67DEB}
		{FE293E7C-6E9D-499A-8D10-52BBB55BCC41} = {55CEF969-E6B0-45B9-8A3E-D9FCEEF58179}
		{451D52CA-2FB8-4A13-A104-956A4177E302} = {55CEF969-E6B0-45B9-8A3E-D9FCEEF58179}
		{2E386A17-2DB8-465B-935F-16F4FD787196} = {24B46B0D-EAAA-48F3-8C1F-79690CF67DEB}
		{E70A1819-456C-4D44-AE5B-B0C838352218} = {2E386A17-2DB8-465B-935F-16F4FD787196}
	EndGlobalSection
	GlobalSection(ExtensibilityGlobals) = postSolution
		SolutionGuid = {05E0EAF5-0E0E-43F7-BA57-01D750D7D05B}
	EndGlobalSection
EndGlobal
